
Microsoft Visual Studio Solution File, Format Version 12.00
# Visual Studio Version 17
VisualStudioVersion = 17.14.36429.23
MinimumVisualStudioVersion = 10.0.40219.1
Project("{2150E333-8FDC-42A3-9474-1A3956D46DE8}") = "Task0", "Task0", "{02EA681E-C7D8-13C7-8484-4AC65E1B71E8}"
EndProject
Project("{FAE04EC0-301F-11D3-BF4B-00C04F79EFBC}") = "Tyuiu.MakarovAY.Sprint3.Task0.V5", "Tyuiu.MakarovAY.Sprint3.Task0.V5\Tyuiu.MakarovAY.Sprint3.Task0.V5.csproj", "{9BE150B8-1A03-4492-A439-C6B8A4A567A1}"
EndProject
Project("{FAE04EC0-301F-11D3-BF4B-00C04F79EFBC}") = "Tyuiu.MakarovAY.Sprint3.Task0.V5.Lib", "Tyuiu.MakarovAY.Sprint3.Task0.V5.Lib\Tyuiu.MakarovAY.Sprint3.Task0.V5.Lib.csproj", "{5D08FD12-1CC1-409A-A62A-ADD17852ED3A}"
EndProject
Project("{FAE04EC0-301F-11D3-BF4B-00C04F79EFBC}") = "Tyuiu.MakarovAY.Sprint3.Task0.V5.Test", "Tyuiu.MakarovAY.Sprint3.Task0.V5.Test\Tyuiu.MakarovAY.Sprint3.Task0.V5.Test.csproj", "{4D04D179-3071-4E53-81B5-EDD9305ECCF1}"
EndProject
Project("{2150E333-8FDC-42A3-9474-1A3956D46DE8}") = "Task1", "Task1", "{CD72F4BD-051A-4D9C-A258-34A3D59AF3EF}"
EndProject
Project("{FAE04EC0-301F-11D3-BF4B-00C04F79EFBC}") = "Tyuiu.MakarovAY.Sprint3.Task1.V13", "Tyuiu.MakarovAY.Sprint3.Task1.V13\Tyuiu.MakarovAY.Sprint3.Task1.V13.csproj", "{69D33C0B-6CF5-47DE-8D9F-1940B12279B8}"
EndProject
Project("{FAE04EC0-301F-11D3-BF4B-00C04F79EFBC}") = "Tyuiu.MakarovAY.Sprint3.Task1.V13.Lib", "Tyuiu.MakarovAY.Sprint3.Task1.V13.Lib\Tyuiu.MakarovAY.Sprint3.Task1.V13.Lib.csproj", "{614090B0-5AF3-4E9E-8575-DF1AC6AADA8D}"
EndProject
Project("{FAE04EC0-301F-11D3-BF4B-00C04F79EFBC}") = "Tyuiu.MakarovAY.Sprint3.Task1.V13.Test", "Tyuiu.MakarovAY.Sprint3.Task1.V13.Test\Tyuiu.MakarovAY.Sprint3.Task1.V13.Test.csproj", "{D6B2ADF0-EA96-4013-BF87-0C8235921B6D}"
EndProject
Project("{2150E333-8FDC-42A3-9474-1A3956D46DE8}") = "Task2", "Task2", "{E8FB4F55-6FA9-428C-A542-CC3D867EEBD1}"
EndProject
Project("{FAE04EC0-301F-11D3-BF4B-00C04F79EFBC}") = "Tyuiu.MakarovAY.Sprint3.Task2.V26", "Tyuiu.MakarovAY.Sprint3.Task2.V26\Tyuiu.MakarovAY.Sprint3.Task2.V26.csproj", "{092DEEE6-D80D-4573-8CA4-EB1426C5B561}"
EndProject
Project("{FAE04EC0-301F-11D3-BF4B-00C04F79EFBC}") = "Tyuiu.MakarovAY.Sprint3.Task2.V26.Lib", "Tyuiu.MakarovAY.Sprint3.Task2.V26.Lib\Tyuiu.MakarovAY.Sprint3.Task2.V26.Lib.csproj", "{29231A3B-05F6-4B48-878F-062C48E7FA99}"
EndProject
Project("{FAE04EC0-301F-11D3-BF4B-00C04F79EFBC}") = "Tyuiu.MakarovAY.Sprint3.Task2.V26.Test", "Tyuiu.MakarovAY.Sprint3.Task2.V26.Test\Tyuiu.MakarovAY.Sprint3.Task2.V26.Test.csproj", "{F81CB6FC-763F-4D3E-AC68-D446EDD04F6F}"
EndProject
Project("{2150E333-8FDC-42A3-9474-1A3956D46DE8}") = "Task3", "Task3", "{64EB7FF3-EB3E-428F-A11D-2F78205121CC}"
EndProject
Project("{FAE04EC0-301F-11D3-BF4B-00C04F79EFBC}") = "Tyuiu.MakarovAY.Sprint3.Task3.V27", "Tyuiu.MakarovAY.Sprint3.Task3.V27\Tyuiu.MakarovAY.Sprint3.Task3.V27.csproj", "{E47A753B-3A5C-4DA9-988C-F7143C1922BF}"
EndProject
Project("{FAE04EC0-301F-11D3-BF4B-00C04F79EFBC}") = "Tyuiu.MakarovAY.Sprint3.Task3.V27.Lib", "Tyuiu.MakarovAY.Sprint3.Task3.V27.Lib\Tyuiu.MakarovAY.Sprint3.Task3.V27.Lib.csproj", "{1CFC723B-DF12-4C26-B34C-9063E6C49FCE}"
EndProject
Project("{FAE04EC0-301F-11D3-BF4B-00C04F79EFBC}") = "Tyuiu.MakarovAY.Sprint3.Task3.V27.Test", "Tyuiu.MakarovAY.Sprint3.Task3.V27.Test\Tyuiu.MakarovAY.Sprint3.Task3.V27.Test.csproj", "{FBC5E768-238B-4291-8304-D6177C15EBDA}"
EndProject
Project("{2150E333-8FDC-42A3-9474-1A3956D46DE8}") = "Task4", "Task4", "{40315EC0-4E37-42D6-AF66-B32F07572FE5}"
EndProject
Project("{FAE04EC0-301F-11D3-BF4B-00C04F79EFBC}") = "Tyuiu.MakarovAY.Sprint3.Task4.V5", "Tyuiu.MakarovAY.Sprint3.Task4.V5\Tyuiu.MakarovAY.Sprint3.Task4.V5.csproj", "{FBEB861F-8778-46A2-B604-58AADC06B190}"
EndProject
Project("{FAE04EC0-301F-11D3-BF4B-00C04F79EFBC}") = "Tyuiu.MakarovAY.Sprint3.Task4.V5.Lib", "Tyuiu.MakarovAY.Sprint3.Task4.V5.Lib\Tyuiu.MakarovAY.Sprint3.Task4.V5.Lib.csproj", "{77FC3FC9-3E95-413A-AB2E-B6F46E43187A}"
EndProject
Project("{FAE04EC0-301F-11D3-BF4B-00C04F79EFBC}") = "Tyuiu.MakarovAY.Sprint3.Task4.V5.Test", "Tyuiu.MakarovAY.Sprint3.Task4.V5.Test\Tyuiu.MakarovAY.Sprint3.Task4.V5.Test.csproj", "{69D92539-BA73-402C-A45F-954132CE5DA3}"
EndProject
Project("{2150E333-8FDC-42A3-9474-1A3956D46DE8}") = "Task5", "Task5", "{613DFA22-6BCE-4E12-BA63-D157B2DFB733}"
EndProject
Project("{FAE04EC0-301F-11D3-BF4B-00C04F79EFBC}") = "Tyuiu.MakarovAY.Sprint3.Task5.V20", "Tyuiu.MakarovAY.Sprint3.Task5.V20\Tyuiu.MakarovAY.Sprint3.Task5.V20.csproj", "{AAD236F0-1039-4E16-999B-798CC94BAAF3}"
EndProject
Project("{FAE04EC0-301F-11D3-BF4B-00C04F79EFBC}") = "Tyuiu.MakarovAY.Sprint3.Task5.V20.Lib", "Tyuiu.MakarovAY.Sprint3.Task5.V20.Lib\Tyuiu.MakarovAY.Sprint3.Task5.V20.Lib.csproj", "{01C29144-995F-43AE-93CC-39D512726053}"
EndProject
Project("{FAE04EC0-301F-11D3-BF4B-00C04F79EFBC}") = "Tyuiu.MakarovAY.Sprint3.Task5.V20.Test", "Tyuiu.MakarovAY.Sprint3.Task5.V20.Test\Tyuiu.MakarovAY.Sprint3.Task5.V20.Test.csproj", "{28A170D3-3323-4A75-BC72-CA2C0CBEC58B}"
EndProject
Project("{2150E333-8FDC-42A3-9474-1A3956D46DE8}") = "Task6", "Task6", "{37B6E1D1-5747-4F24-B885-C6263B7AE15E}"
EndProject
Project("{FAE04EC0-301F-11D3-BF4B-00C04F79EFBC}") = "Tyuiu.MakarovAY.Sprint3.Task6.V5", "Tyuiu.MakarovAY.Sprint3.Task6.V5\Tyuiu.MakarovAY.Sprint3.Task6.V5.csproj", "{31874F6B-F140-4BA8-9AAB-44F9C6F8D8D7}"
EndProject
Project("{FAE04EC0-301F-11D3-BF4B-00C04F79EFBC}") = "Tyuiu.MakarovAY.Sprint3.Task6.V5.Lib", "Tyuiu.MakarovAY.Sprint3.Task6.V5.Lib\Tyuiu.MakarovAY.Sprint3.Task6.V5.Lib.csproj", "{815836AE-608F-4628-B8E0-0D30B36E481A}"
EndProject
Project("{FAE04EC0-301F-11D3-BF4B-00C04F79EFBC}") = "Tyuiu.MakarovAY.Sprint3.Task6.V5.Test", "Tyuiu.MakarovAY.Sprint3.Task6.V5.Test\Tyuiu.MakarovAY.Sprint3.Task6.V5.Test.csproj", "{599B6830-1A02-4B24-992B-68C6809BF165}"
EndProject
Global
	GlobalSection(SolutionConfigurationPlatforms) = preSolution
		Debug|Any CPU = Debug|Any CPU
		Release|Any CPU = Release|Any CPU
	EndGlobalSection
	GlobalSection(ProjectConfigurationPlatforms) = postSolution
		{9BE150B8-1A03-4492-A439-C6B8A4A567A1}.Debug|Any CPU.ActiveCfg = Debug|Any CPU
		{9BE150B8-1A03-4492-A439-C6B8A4A567A1}.Debug|Any CPU.Build.0 = Debug|Any CPU
		{9BE150B8-1A03-4492-A439-C6B8A4A567A1}.Release|Any CPU.ActiveCfg = Release|Any CPU
		{9BE150B8-1A03-4492-A439-C6B8A4A567A1}.Release|Any CPU.Build.0 = Release|Any CPU
		{5D08FD12-1CC1-409A-A62A-ADD17852ED3A}.Debug|Any CPU.ActiveCfg = Debug|Any CPU
		{5D08FD12-1CC1-409A-A62A-ADD17852ED3A}.Debug|Any CPU.Build.0 = Debug|Any CPU
		{5D08FD12-1CC1-409A-A62A-ADD17852ED3A}.Release|Any CPU.ActiveCfg = Release|Any CPU
		{5D08FD12-1CC1-409A-A62A-ADD17852ED3A}.Release|Any CPU.Build.0 = Release|Any CPU
		{4D04D179-3071-4E53-81B5-EDD9305ECCF1}.Debug|Any CPU.ActiveCfg = Debug|Any CPU
		{4D04D179-3071-4E53-81B5-EDD9305ECCF1}.Debug|Any CPU.Build.0 = Debug|Any CPU
		{4D04D179-3071-4E53-81B5-EDD9305ECCF1}.Release|Any CPU.ActiveCfg = Release|Any CPU
		{4D04D179-3071-4E53-81B5-EDD9305ECCF1}.Release|Any CPU.Build.0 = Release|Any CPU
		{69D33C0B-6CF5-47DE-8D9F-1940B12279B8}.Debug|Any CPU.ActiveCfg = Debug|Any CPU
		{69D33C0B-6CF5-47DE-8D9F-1940B12279B8}.Debug|Any CPU.Build.0 = Debug|Any CPU
		{69D33C0B-6CF5-47DE-8D9F-1940B12279B8}.Release|Any CPU.ActiveCfg = Release|Any CPU
		{69D33C0B-6CF5-47DE-8D9F-1940B12279B8}.Release|Any CPU.Build.0 = Release|Any CPU
		{614090B0-5AF3-4E9E-8575-DF1AC6AADA8D}.Debug|Any CPU.ActiveCfg = Debug|Any CPU
		{614090B0-5AF3-4E9E-8575-DF1AC6AADA8D}.Debug|Any CPU.Build.0 = Debug|Any CPU
		{614090B0-5AF3-4E9E-8575-DF1AC6AADA8D}.Release|Any CPU.ActiveCfg = Release|Any CPU
		{614090B0-5AF3-4E9E-8575-DF1AC6AADA8D}.Release|Any CPU.Build.0 = Release|Any CPU
		{D6B2ADF0-EA96-4013-BF87-0C8235921B6D}.Debug|Any CPU.ActiveCfg = Debug|Any CPU
		{D6B2ADF0-EA96-4013-BF87-0C8235921B6D}.Debug|Any CPU.Build.0 = Debug|Any CPU
		{D6B2ADF0-EA96-4013-BF87-0C8235921B6D}.Release|Any CPU.ActiveCfg = Release|Any CPU
		{D6B2ADF0-EA96-4013-BF87-0C8235921B6D}.Release|Any CPU.Build.0 = Release|Any CPU
		{092DEEE6-D80D-4573-8CA4-EB1426C5B561}.Debug|Any CPU.ActiveCfg = Debug|Any CPU
		{092DEEE6-D80D-4573-8CA4-EB1426C5B561}.Debug|Any CPU.Build.0 = Debug|Any CPU
		{092DEEE6-D80D-4573-8CA4-EB1426C5B561}.Release|Any CPU.ActiveCfg = Release|Any CPU
		{092DEEE6-D80D-4573-8CA4-EB1426C5B561}.Release|Any CPU.Build.0 = Release|Any CPU
		{29231A3B-05F6-4B48-878F-062C48E7FA99}.Debug|Any CPU.ActiveCfg = Debug|Any CPU
		{29231A3B-05F6-4B48-878F-062C48E7FA99}.Debug|Any CPU.Build.0 = Debug|Any CPU
		{29231A3B-05F6-4B48-878F-062C48E7FA99}.Release|Any CPU.ActiveCfg = Release|Any CPU
		{29231A3B-05F6-4B48-878F-062C48E7FA99}.Release|Any CPU.Build.0 = Release|Any CPU
		{F81CB6FC-763F-4D3E-AC68-D446EDD04F6F}.Debug|Any CPU.ActiveCfg = Debug|Any CPU
		{F81CB6FC-763F-4D3E-AC68-D446EDD04F6F}.Debug|Any CPU.Build.0 = Debug|Any CPU
		{F81CB6FC-763F-4D3E-AC68-D446EDD04F6F}.Release|Any CPU.ActiveCfg = Release|Any CPU
		{F81CB6FC-763F-4D3E-AC68-D446EDD04F6F}.Release|Any CPU.Build.0 = Release|Any CPU
		{E47A753B-3A5C-4DA9-988C-F7143C1922BF}.Debug|Any CPU.ActiveCfg = Debug|Any CPU
		{E47A753B-3A5C-4DA9-988C-F7143C1922BF}.Debug|Any CPU.Build.0 = Debug|Any CPU
		{E47A753B-3A5C-4DA9-988C-F7143C1922BF}.Release|Any CPU.ActiveCfg = Release|Any CPU
		{E47A753B-3A5C-4DA9-988C-F7143C1922BF}.Release|Any CPU.Build.0 = Release|Any CPU
		{1CFC723B-DF12-4C26-B34C-9063E6C49FCE}.Debug|Any CPU.ActiveCfg = Debug|Any CPU
		{1CFC723B-DF12-4C26-B34C-9063E6C49FCE}.Debug|Any CPU.Build.0 = Debug|Any CPU
		{1CFC723B-DF12-4C26-B34C-9063E6C49FCE}.Release|Any CPU.ActiveCfg = Release|Any CPU
		{1CFC723B-DF12-4C26-B34C-9063E6C49FCE}.Release|Any CPU.Build.0 = Release|Any CPU
		{FBC5E768-238B-4291-8304-D6177C15EBDA}.Debug|Any CPU.ActiveCfg = Debug|Any CPU
		{FBC5E768-238B-4291-8304-D6177C15EBDA}.Debug|Any CPU.Build.0 = Debug|Any CPU
		{FBC5E768-238B-4291-8304-D6177C15EBDA}.Release|Any CPU.ActiveCfg = Release|Any CPU
		{FBC5E768-238B-4291-8304-D6177C15EBDA}.Release|Any CPU.Build.0 = Release|Any CPU
		{FBEB861F-8778-46A2-B604-58AADC06B190}.Debug|Any CPU.ActiveCfg = Debug|Any CPU
		{FBEB861F-8778-46A2-B604-58AADC06B190}.Debug|Any CPU.Build.0 = Debug|Any CPU
		{FBEB861F-8778-46A2-B604-58AADC06B190}.Release|Any CPU.ActiveCfg = Release|Any CPU
		{FBEB861F-8778-46A2-B604-58AADC06B190}.Release|Any CPU.Build.0 = Release|Any CPU
		{77FC3FC9-3E95-413A-AB2E-B6F46E43187A}.Debug|Any CPU.ActiveCfg = Debug|Any CPU
		{77FC3FC9-3E95-413A-AB2E-B6F46E43187A}.Debug|Any CPU.Build.0 = Debug|Any CPU
		{77FC3FC9-3E95-413A-AB2E-B6F46E43187A}.Release|Any CPU.ActiveCfg = Release|Any CPU
		{77FC3FC9-3E95-413A-AB2E-B6F46E43187A}.Release|Any CPU.Build.0 = Release|Any CPU
		{69D92539-BA73-402C-A45F-954132CE5DA3}.Debug|Any CPU.ActiveCfg = Debug|Any CPU
		{69D92539-BA73-402C-A45F-954132CE5DA3}.Debug|Any CPU.Build.0 = Debug|Any CPU
		{69D92539-BA73-402C-A45F-954132CE5DA3}.Release|Any CPU.ActiveCfg = Release|Any CPU
		{69D92539-BA73-402C-A45F-954132CE5DA3}.Release|Any CPU.Build.0 = Release|Any CPU
		{AAD236F0-1039-4E16-999B-798CC94BAAF3}.Debug|Any CPU.ActiveCfg = Debug|Any CPU
		{AAD236F0-1039-4E16-999B-798CC94BAAF3}.Debug|Any CPU.Build.0 = Debug|Any CPU
		{AAD236F0-1039-4E16-999B-798CC94BAAF3}.Release|Any CPU.ActiveCfg = Release|Any CPU
		{AAD236F0-1039-4E16-999B-798CC94BAAF3}.Release|Any CPU.Build.0 = Release|Any CPU
		{01C29144-995F-43AE-93CC-39D512726053}.Debug|Any CPU.ActiveCfg = Debug|Any CPU
		{01C29144-995F-43AE-93CC-39D512726053}.Debug|Any CPU.Build.0 = Debug|Any CPU
		{01C29144-995F-43AE-93CC-39D512726053}.Release|Any CPU.ActiveCfg = Release|Any CPU
		{01C29144-995F-43AE-93CC-39D512726053}.Release|Any CPU.Build.0 = Release|Any CPU
		{28A170D3-3323-4A75-BC72-CA2C0CBEC58B}.Debug|Any CPU.ActiveCfg = Debug|Any CPU
		{28A170D3-3323-4A75-BC72-CA2C0CBEC58B}.Debug|Any CPU.Build.0 = Debug|Any CPU
		{28A170D3-3323-4A75-BC72-CA2C0CBEC58B}.Release|Any CPU.ActiveCfg = Release|Any CPU
		{28A170D3-3323-4A75-BC72-CA2C0CBEC58B}.Release|Any CPU.Build.0 = Release|Any CPU
		{31874F6B-F140-4BA8-9AAB-44F9C6F8D8D7}.Debug|Any CPU.ActiveCfg = Debug|Any CPU
		{31874F6B-F140-4BA8-9AAB-44F9C6F8D8D7}.Debug|Any CPU.Build.0 = Debug|Any CPU
		{31874F6B-F140-4BA8-9AAB-44F9C6F8D8D7}.Release|Any CPU.ActiveCfg = Release|Any CPU
		{31874F6B-F140-4BA8-9AAB-44F9C6F8D8D7}.Release|Any CPU.Build.0 = Release|Any CPU
		{815836AE-608F-4628-B8E0-0D30B36E481A}.Debug|Any CPU.ActiveCfg = Debug|Any CPU
		{815836AE-608F-4628-B8E0-0D30B36E481A}.Debug|Any CPU.Build.0 = Debug|Any CPU
		{815836AE-608F-4628-B8E0-0D30B36E481A}.Release|Any CPU.ActiveCfg = Release|Any CPU
		{815836AE-608F-4628-B8E0-0D30B36E481A}.Release|Any CPU.Build.0 = Release|Any CPU
		{599B6830-1A02-4B24-992B-68C6809BF165}.Debug|Any CPU.ActiveCfg = Debug|Any CPU
		{599B6830-1A02-4B24-992B-68C6809BF165}.Debug|Any CPU.Build.0 = Debug|Any CPU
		{599B6830-1A02-4B24-992B-68C6809BF165}.Release|Any CPU.ActiveCfg = Release|Any CPU
		{599B6830-1A02-4B24-992B-68C6809BF165}.Release|Any CPU.Build.0 = Release|Any CPU
	EndGlobalSection
	GlobalSection(SolutionProperties) = preSolution
		HideSolutionNode = FALSE
	EndGlobalSection
	GlobalSection(NestedProjects) = preSolution
		{9BE150B8-1A03-4492-A439-C6B8A4A567A1} = {02EA681E-C7D8-13C7-8484-4AC65E1B71E8}
		{5D08FD12-1CC1-409A-A62A-ADD17852ED3A} = {02EA681E-C7D8-13C7-8484-4AC65E1B71E8}
		{4D04D179-3071-4E53-81B5-EDD9305ECCF1} = {02EA681E-C7D8-13C7-8484-4AC65E1B71E8}
		{69D33C0B-6CF5-47DE-8D9F-1940B12279B8} = {CD72F4BD-051A-4D9C-A258-34A3D59AF3EF}
		{614090B0-5AF3-4E9E-8575-DF1AC6AADA8D} = {CD72F4BD-051A-4D9C-A258-34A3D59AF3EF}
		{D6B2ADF0-EA96-4013-BF87-0C8235921B6D} = {CD72F4BD-051A-4D9C-A258-34A3D59AF3EF}
		{092DEEE6-D80D-4573-8CA4-EB1426C5B561} = {E8FB4F55-6FA9-428C-A542-CC3D867EEBD1}
		{29231A3B-05F6-4B48-878F-062C48E7FA99} = {E8FB4F55-6FA9-428C-A542-CC3D867EEBD1}
		{F81CB6FC-763F-4D3E-AC68-D446EDD04F6F} = {E8FB4F55-6FA9-428C-A542-CC3D867EEBD1}
		{E47A753B-3A5C-4DA9-988C-F7143C1922BF} = {64EB7FF3-EB3E-428F-A11D-2F78205121CC}
		{1CFC723B-DF12-4C26-B34C-9063E6C49FCE} = {64EB7FF3-EB3E-428F-A11D-2F78205121CC}
		{FBC5E768-238B-4291-8304-D6177C15EBDA} = {64EB7FF3-EB3E-428F-A11D-2F78205121CC}
		{FBEB861F-8778-46A2-B604-58AADC06B190} = {40315EC0-4E37-42D6-AF66-B32F07572FE5}
		{77FC3FC9-3E95-413A-AB2E-B6F46E43187A} = {40315EC0-4E37-42D6-AF66-B32F07572FE5}
		{69D92539-BA73-402C-A45F-954132CE5DA3} = {40315EC0-4E37-42D6-AF66-B32F07572FE5}
		{AAD236F0-1039-4E16-999B-798CC94BAAF3} = {613DFA22-6BCE-4E12-BA63-D157B2DFB733}
		{01C29144-995F-43AE-93CC-39D512726053} = {613DFA22-6BCE-4E12-BA63-D157B2DFB733}
		{28A170D3-3323-4A75-BC72-CA2C0CBEC58B} = {613DFA22-6BCE-4E12-BA63-D157B2DFB733}
		{31874F6B-F140-4BA8-9AAB-44F9C6F8D8D7} = {37B6E1D1-5747-4F24-B885-C6263B7AE15E}
		{815836AE-608F-4628-B8E0-0D30B36E481A} = {37B6E1D1-5747-4F24-B885-C6263B7AE15E}
		{599B6830-1A02-4B24-992B-68C6809BF165} = {37B6E1D1-5747-4F24-B885-C6263B7AE15E}
	EndGlobalSection
	GlobalSection(ExtensibilityGlobals) = postSolution
		SolutionGuid = {E3DA617F-0F39-4760-93A5-9BB8790E66F5}
	EndGlobalSection
EndGlobal
